version = 1
revision = 2
requires-python = "==3.11.*"

[[package]]
name = "braintrust"
version = "0.9.0"
source = { registry = "https://pypi.org/simple" }
dependencies = [
    { name = "chevron" },
    { name = "exceptiongroup" },
    { name = "gitpython" },
    { name = "python-dotenv" },
    { name = "python-slugify" },
    { name = "requests" },
    { name = "sseclient-py" },
    { name = "tqdm" },
    { name = "typing-extensions" },
    { name = "wrapt" },
]
sdist = { url = "https://files.pythonhosted.org/packages/8a/14/836231a100066d29d64120f74cc6d6ec1b4a0ba6568ce9028480aefb7851/braintrust-0.9.0.tar.gz", hash = "sha256:5f74f604864b84b13828d7c6a7f8f73b701b51da2d08d6c24e6bfb1d4ad4bdf5", size = 390343, upload-time = "2026-03-12T20:59:06.383Z" }
wheels = [
    { url = "https://files.pythonhosted.org/packages/3d/34/bd680bd615ee096260a71d1b0eddab8fa799a5e6a4b8067b8e235bc5216c/braintrust-0.9.0-py3-none-any.whl", hash = "sha256:6abbee629abd77d35d0d69f008dab818191499427231c571c14ef7544a357e1e", size = 450069, upload-time = "2026-03-12T20:59:04.86Z" },
]

[[package]]
name = "certifi"
version = "2026.2.25"
source = { registry = "https://pypi.org/simple" }
sdist = { url = "https://files.pythonhosted.org/packages/af/2d/7bf41579a8986e348fa033a31cdd0e4121114f6bce2457e8876010b092dd/certifi-2026.2.25.tar.gz", hash = "sha256:e887ab5cee78ea814d3472169153c2d12cd43b14bd03329a39a9c6e2e80bfba7", size = 155029, upload-time = "2026-02-25T02:54:17.342Z" }
wheels = [
    { url = "https://files.pythonhosted.org/packages/9a/3c/c17fb3ca2d9c3acff52e30b309f538586f9f5b9c9cf454f3845fc9af4881/certifi-2026.2.25-py3-none-any.whl", hash = "sha256:027692e4402ad994f1c42e52a4997a9763c646b73e4096e4d5d6db8af1d6f0fa", size = 153684, upload-time = "2026-02-25T02:54:15.766Z" },
]

[[package]]
name = "charset-normalizer"
version = "3.4.6"
source = { registry = "https://pypi.org/simple" }
sdist = { url = "https://files.pythonhosted.org/packages/7b/60/e3bec1881450851b087e301bedc3daa9377a4d45f1c26aa90b0b235e38aa/charset_normalizer-3.4.6.tar.gz", hash = "sha256:1ae6b62897110aa7c79ea2f5dd38d1abca6db663687c0b1ad9aed6f6bae3d9d6", size = 143363, upload-time = "2026-03-15T18:53:25.478Z" }
wheels = [
    { url = "https://files.pythonhosted.org/packages/62/28/ff6f234e628a2de61c458be2779cb182bc03f6eec12200d4a525bbfc9741/charset_normalizer-3.4.6-cp311-cp311-macosx_10_9_universal2.whl", hash = "sha256:82060f995ab5003a2d6e0f4ad29065b7672b6593c8c63559beefe5b443242c3e", size = 293582, upload-time = "2026-03-15T18:50:25.454Z" },
    { url = "https://files.pythonhosted.org/packages/1c/b7/b1a117e5385cbdb3205f6055403c2a2a220c5ea80b8716c324eaf75c5c95/charset_normalizer-3.4.6-cp311-cp311-manylinux2014_aarch64.manylinux_2_17_aarch64.manylinux_2_28_aarch64.whl", hash = "sha256:60c74963d8350241a79cb8feea80e54d518f72c26db618862a8f53e5023deaf9", size = 197240, upload-time = "2026-03-15T18:50:27.196Z" },
    { url = "https://files.pythonhosted.org/packages/a1/5f/2574f0f09f3c3bc1b2f992e20bce6546cb1f17e111c5be07308dc5427956/charset_normalizer-3.4.6-cp311-cp311-manylinux2014_ppc64le.manylinux_2_17_ppc64le.manylinux_2_28_ppc64le.whl", hash = "sha256:f6e4333fb15c83f7d1482a76d45a0818897b3d33f00efd215528ff7c51b8e35d", size = 217363, upload-time = "2026-03-15T18:50:28.601Z" },
    { url = "https://files.pythonhosted.org/packages/4a/d1/0ae20ad77bc949ddd39b51bf383b6ca932f2916074c95cad34ae465ab71f/charset_normalizer-3.4.6-cp311-cp311-manylinux2014_s390x.manylinux_2_17_s390x.manylinux_2_28_s390x.whl", hash = "sha256:bc72863f4d9aba2e8fd9085e63548a324ba706d2ea2c83b260da08a59b9482de", size = 212994, upload-time = "2026-03-15T18:50:30.102Z" },
    { url = "https://files.pythonhosted.org/packages/60/ac/3233d262a310c1b12633536a07cde5ddd16985e6e7e238e9f3f9423d8eb9/charset_normalizer-3.4.6-cp311-cp311-manylinux2014_x86_64.manylinux_2_17_x86_64.manylinux_2_28_x86_64.whl", hash = "sha256:9cc4fc6c196d6a8b76629a70ddfcd4635a6898756e2d9cac5565cf0654605d73", size = 204697, upload-time = "2026-03-15T18:50:31.654Z" },
    { url = "https://files.pythonhosted.org/packages/25/3c/8a18fc411f085b82303cfb7154eed5bd49c77035eb7608d049468b53f87c/charset_normalizer-3.4.6-cp311-cp311-manylinux_2_31_armv7l.whl", hash = "sha256:0c173ce3a681f309f31b87125fecec7a5d1347261ea11ebbb856fa6006b23c8c", size = 191673, upload-time = "2026-03-15T18:50:33.433Z" },
    { url = "https://files.pythonhosted.org/packages/ff/a7/11cfe61d6c5c5c7438d6ba40919d0306ed83c9ab957f3d4da2277ff67836/charset_normalizer-3.4.6-cp311-cp311-manylinux_2_31_riscv64.manylinux_2_39_riscv64.whl", hash = "sha256:c907cdc8109f6c619e6254212e794d6548373cc40e1ec75e6e3823d9135d29cc", size = 201120, upload-time = "2026-03-15T18:50:35.105Z" },
    { url = "https://files.pythonhosted.org/packages/b5/10/cf491fa1abd47c02f69687046b896c950b92b6cd7337a27e6548adbec8e4/charset_normalizer-3.4.6-cp311-cp311-musllinux_1_2_aarch64.whl", hash = "sha256:404a1e552cf5b675a87f0651f8b79f5f1e6fd100ee88dc612f89aa16abd4486f", size = 200911, upload-time = "2026-03-15T18:50:36.819Z" },
    { url = "https://files.pythonhosted.org/packages/28/70/039796160b48b18ed466fde0af84c1b090c4e288fae26cd674ad04a2d703/charset_normalizer-3.4.6-cp311-cp311-musllinux_1_2_armv7l.whl", hash = "sha256:e3c701e954abf6fc03a49f7c579cc80c2c6cc52525340ca3186c41d3f33482ef", size = 192516, upload-time = "2026-03-15T18:50:38.228Z" },
    { url = "https://files.pythonhosted.org/packages/ff/34/c56f3223393d6ff3124b9e78f7de738047c2d6bc40a4f16ac0c9d7a1cb3c/charset_normalizer-3.4.6-cp311-cp311-musllinux_1_2_ppc64le.whl", hash = "sha256:7a6967aaf043bceabab5412ed6bd6bd26603dae84d5cb75bf8d9a74a4959d398", size = 218795, upload-time = "2026-03-15T18:50:39.664Z" },
    { url = "https://files.pythonhosted.org/packages/e8/3b/ce2d4f86c5282191a041fdc5a4ce18f1c6bd40a5bd1f74cf8625f08d51c1/charset_normalizer-3.4.6-cp311-cp311-musllinux_1_2_riscv64.whl", hash = "sha256:5feb91325bbceade6afab43eb3b508c63ee53579fe896c77137ded51c6b6958e", size = 201833, upload-time = "2026-03-15T18:50:41.552Z" },
    { url = "https://files.pythonhosted.org/packages/3b/9b/b6a9f76b0fd7c5b5ec58b228ff7e85095370282150f0bd50b3126f5506d6/charset_normalizer-3.4.6-cp311-cp311-musllinux_1_2_s390x.whl", hash = "sha256:f820f24b09e3e779fe84c3c456cb4108a7aa639b0d1f02c28046e11bfcd088ed", size = 213920, upload-time = "2026-03-15T18:50:43.33Z" },
    { url = "https://files.pythonhosted.org/packages/ae/98/7bc23513a33d8172365ed30ee3a3b3fe1ece14a395e5fc94129541fc6003/charset_normalizer-3.4.6-cp311-cp311-musllinux_1_2_x86_64.whl", hash = "sha256:b35b200d6a71b9839a46b9b7fff66b6638bb52fc9658aa58796b0326595d3021", size = 206951, upload-time = "2026-03-15T18:50:44.789Z" },
    { url = "https://files.pythonhosted.org/packages/32/73/c0b86f3d1458468e11aec870e6b3feac931facbe105a894b552b0e518e79/charset_normalizer-3.4.6-cp311-cp311-win32.whl", hash = "sha256:9ca4c0b502ab399ef89248a2c84c54954f77a070f28e546a85e91da627d1301e", size = 143703, upload-time = "2026-03-15T18:50:46.103Z" },
    { url = "https://files.pythonhosted.org/packages/c6/e3/76f2facfe8eddee0bbd38d2594e709033338eae44ebf1738bcefe0a06185/charset_normalizer-3.4.6-cp311-cp311-win_amd64.whl", hash = "sha256:a9e68c9d88823b274cf1e72f28cb5dc89c990edf430b0bfd3e2fb0785bfeabf4", size = 153857, upload-time = "2026-03-15T18:50:47.563Z" },
    { url = "https://files.pythonhosted.org/packages/e2/dc/9abe19c9b27e6cd3636036b9d1b387b78c40dedbf0b47f9366737684b4b0/charset_normalizer-3.4.6-cp311-cp311-win_arm64.whl", hash = "sha256:97d0235baafca5f2b09cf332cc275f021e694e8362c6bb9c96fc9a0eb74fc316", size = 142751, upload-time = "2026-03-15T18:50:49.234Z" },
    { url = "https://files.pythonhosted.org/packages/2a/68/687187c7e26cb24ccbd88e5069f5ef00eba804d36dde11d99aad0838ab45/charset_normalizer-3.4.6-py3-none-any.whl", hash = "sha256:947cf925bc916d90adba35a64c82aace04fa39b46b52d4630ece166655905a69", size = 61455, upload-time = "2026-03-15T18:53:23.833Z" },
]

[[package]]
name = "chevron"
version = "0.14.0"
source = { registry = "https://pypi.org/simple" }
sdist = { url = "https://files.pythonhosted.org/packages/15/1f/ca74b65b19798895d63a6e92874162f44233467c9e7c1ed8afd19016ebe9/chevron-0.14.0.tar.gz", hash = "sha256:87613aafdf6d77b6a90ff073165a61ae5086e21ad49057aa0e53681601800ebf", size = 11440, upload-time = "2021-01-02T22:47:59.233Z" }
wheels = [
    { url = "https://files.pythonhosted.org/packages/52/93/342cc62a70ab727e093ed98e02a725d85b746345f05d2b5e5034649f4ec8/chevron-0.14.0-py3-none-any.whl", hash = "sha256:fbf996a709f8da2e745ef763f482ce2d311aa817d287593a5b990d6d6e4f0443", size = 11595, upload-time = "2021-01-02T22:47:57.847Z" },
]

[[package]]
name = "colorama"
version = "0.4.6"
source = { registry = "https://pypi.org/simple" }
sdist = { url = "https://files.pythonhosted.org/packages/d8/53/6f443c9a4a8358a93a6792e2acffb9d9d5cb0a5cfd8802644b7b1c9a02e4/colorama-0.4.6.tar.gz", hash = "sha256:08695f5cb7ed6e0531a20572697297273c47b8cae5a63ffc6d6ed5c201be6e44", size = 27697, upload-time = "2022-10-25T02:36:22.414Z" }
wheels = [
    { url = "https://files.pythonhosted.org/packages/d1/d6/3965ed04c63042e047cb6a3e6ed1a63a35087b6a609aa3a15ed8ac56c221/colorama-0.4.6-py2.py3-none-any.whl", hash = "sha256:4f1d9991f5acc0ca119f9d443620b77f9d6b33703e51011c16baf57afb285fc6", size = 25335, upload-time = "2022-10-25T02:36:20.889Z" },
]

[[package]]
name = "exceptiongroup"
version = "1.3.1"
source = { registry = "https://pypi.org/simple" }
dependencies = [
    { name = "typing-extensions" },
]
sdist = { url = "https://files.pythonhosted.org/packages/50/79/66800aadf48771f6b62f7eb014e352e5d06856655206165d775e675a02c9/exceptiongroup-1.3.1.tar.gz", hash = "sha256:8b412432c6055b0b7d14c310000ae93352ed6754f70fa8f7c34141f91c4e3219", size = 30371, upload-time = "2025-11-21T23:01:54.787Z" }
wheels = [
    { url = "https://files.pythonhosted.org/packages/8a/0e/97c33bf5009bdbac74fd2beace167cab3f978feb69cc36f1ef79360d6c4e/exceptiongroup-1.3.1-py3-none-any.whl", hash = "sha256:a7a39a3bd276781e98394987d3a5701d0c4edffb633bb7a5144577f82c773598", size = 16740, upload-time = "2025-11-21T23:01:53.443Z" },
]

[[package]]
name = "gitdb"
version = "4.0.12"
source = { registry = "https://pypi.org/simple" }
dependencies = [
    { name = "smmap" },
]
sdist = { url = "https://files.pythonhosted.org/packages/72/94/63b0fc47eb32792c7ba1fe1b694daec9a63620db1e313033d18140c2320a/gitdb-4.0.12.tar.gz", hash = "sha256:5ef71f855d191a3326fcfbc0d5da835f26b13fbcba60c32c21091c349ffdb571", size = 394684, upload-time = "2025-01-02T07:20:46.413Z" }
wheels = [
    { url = "https://files.pythonhosted.org/packages/a0/61/5c78b91c3143ed5c14207f463aecfc8f9dbb5092fb2869baf37c273b2705/gitdb-4.0.12-py3-none-any.whl", hash = "sha256:67073e15955400952c6565cc3e707c554a4eea2e428946f7a4c162fab9bd9bcf", size = 62794, upload-time = "2025-01-02T07:20:43.624Z" },
]

[[package]]
name = "gitpython"
version = "3.1.46"
source = { registry = "https://pypi.org/simple" }
dependencies = [
    { name = "gitdb" },
]
sdist = { url = "https://files.pythonhosted.org/packages/df/b5/59d16470a1f0dfe8c793f9ef56fd3826093fc52b3bd96d6b9d6c26c7e27b/gitpython-3.1.46.tar.gz", hash = "sha256:400124c7d0ef4ea03f7310ac2fbf7151e09ff97f2a3288d64a440c584a29c37f", size = 215371, upload-time = "2026-01-01T15:37:32.073Z" }
wheels = [
    { url = "https://files.pythonhosted.org/packages/6a/09/e21df6aef1e1ffc0c816f0522ddc3f6dcded766c3261813131c78a704470/gitpython-3.1.46-py3-none-any.whl", hash = "sha256:79812ed143d9d25b6d176a10bb511de0f9c67b1fa641d82097b0ab90398a2058", size = 208620, upload-time = "2026-01-01T15:37:30.574Z" },
]

[[package]]
name = "idna"
version = "3.11"
source = { registry = "https://pypi.org/simple" }
sdist = { url = "https://files.pythonhosted.org/packages/6f/6d/0703ccc57f3a7233505399edb88de3cbd678da106337b9fcde432b65ed60/idna-3.11.tar.gz", hash = "sha256:795dafcc9c04ed0c1fb032c2aa73654d8e8c5023a7df64a53f39190ada629902", size = 194582, upload-time = "2025-10-12T14:55:20.501Z" }
wheels = [
    { url = "https://files.pythonhosted.org/packages/0e/61/66938bbb5fc52dbdf84594873d5b51fb1f7c7794e9c0f5bd885f30bc507b/idna-3.11-py3-none-any.whl", hash = "sha256:771a87f49d9defaf64091e6e6fe9c18d4833f140bd19464795bc32d966ca37ea", size = 71008, upload-time = "2025-10-12T14:55:18.883Z" },
]

[[package]]
name = "multi-venv-a"
version = "0.1.0"
source = { virtual = "." }
dependencies = [
    { name = "braintrust" },
]

[package.metadata]
requires-dist = [{ name = "braintrust" }]

[[package]]
name = "python-dotenv"
version = "1.2.2"
source = { registry = "https://pypi.org/simple" }
sdist = { url = "https://files.pythonhosted.org/packages/82/ed/0301aeeac3e5353ef3d94b6ec08bbcabd04a72018415dcb29e588514bba8/python_dotenv-1.2.2.tar.gz", hash = "sha256:2c371a91fbd7ba082c2c1dc1f8bf89ca22564a087c2c287cd9b662adde799cf3", size = 50135, upload-time = "2026-03-01T16:00:26.196Z" }
wheels = [
    { url = "https://files.pythonhosted.org/packages/0b/d7/1959b9648791274998a9c3526f6d0ec8fd2233e4d4acce81bbae76b44b2a/python_dotenv-1.2.2-py3-none-any.whl", hash = "sha256:1d8214789a24de455a8b8bd8ae6fe3c6b69a5e3d64aa8a8e5d68e694bbcb285a", size = 22101, upload-time = "2026-03-01T16:00:25.09Z" },
]

[[package]]
name = "python-slugify"
version = "8.0.4"
source = { registry = "https://pypi.org/simple" }
dependencies = [
    { name = "text-unidecode" },
]
sdist = { url = "https://files.pythonhosted.org/packages/87/c7/5e1547c44e31da50a460df93af11a535ace568ef89d7a811069ead340c4a/python-slugify-8.0.4.tar.gz", hash = "sha256:59202371d1d05b54a9e7720c5e038f928f45daaffe41dd10822f3907b937c856", size = 10921, upload-time = "2024-02-08T18:32:45.488Z" }
wheels = [
    { url = "https://files.pythonhosted.org/packages/a4/62/02da182e544a51a5c3ccf4b03ab79df279f9c60c5e82d5e8bec7ca26ac11/python_slugify-8.0.4-py2.py3-none-any.whl", hash = "sha256:276540b79961052b66b7d116620b36518847f52d5fd9e3a70164fc8c50faa6b8", size = 10051, upload-time = "2024-02-08T18:32:43.911Z" },
]

[[package]]
name = "requests"
version = "2.32.5"
source = { registry = "https://pypi.org/simple" }
dependencies = [
    { name = "certifi" },
    { name = "charset-normalizer" },
    { name = "idna" },
    { name = "urllib3" },
]
sdist = { url = "https://files.pythonhosted.org/packages/c9/74/b3ff8e6c8446842c3f5c837e9c3dfcfe2018ea6ecef224c710c85ef728f4/requests-2.32.5.tar.gz", hash = "sha256:dbba0bac56e100853db0ea71b82b4dfd5fe2bf6d3754a8893c3af500cec7d7cf", size = 134517, upload-time = "2025-08-18T20:46:02.573Z" }
wheels = [
    { url = "https://files.pythonhosted.org/packages/1e/db/4254e3eabe8020b458f1a747140d32277ec7a271daf1d235b70dc0b4e6e3/requests-2.32.5-py3-none-any.whl", hash = "sha256:2462f94637a34fd532264295e186976db0f5d453d1cdd31473c85a6a161affb6", size = 64738, upload-time = "2025-08-18T20:46:00.542Z" },
]

[[package]]
name = "smmap"
version = "5.0.3"
source = { registry = "https://pypi.org/simple" }
sdist = { url = "https://files.pythonhosted.org/packages/1f/ea/49c993d6dfdd7338c9b1000a0f36817ed7ec84577ae2e52f890d1a4ff909/smmap-5.0.3.tar.gz", hash = "sha256:4d9debb8b99007ae47165abc08670bd74cb74b5227dda7f643eccc4e9eb5642c", size = 22506, upload-time = "2026-03-09T03:43:26.1Z" }
wheels = [
    { url = "https://files.pythonhosted.org/packages/c1/d4/59e74daffcb57a07668852eeeb6035af9f32cbfd7a1d2511f17d2fe6a738/smmap-5.0.3-py3-none-any.whl", hash = "sha256:c106e05d5a61449cf6ba9a1e650227ecfb141590d2a98412103ff35d89fc7b2f", size = 24390, upload-time = "2026-03-09T03:43:24.361Z" },
]

[[package]]
name = "sseclient-py"
version = "1.9.0"
source = { registry = "https://pypi.org/simple" }
wheels = [
    { url = "https://files.pythonhosted.org/packages/4d/2e/59920f7d66b7f9932a3d83dd0ec53fab001be1e058bf582606fe414a5198/sseclient_py-1.9.0-py3-none-any.whl", hash = "sha256:340062b1587fc2880892811e2ab5b176d98ef3eee98b3672ff3a3ba1e8ed0f6f", size = 8351, upload-time = "2026-01-02T23:39:30.995Z" },
]

[[package]]
name = "text-unidecode"
version = "1.3"
source = { registry = "https://pypi.org/simple" }
sdist = { url = "https://files.pythonhosted.org/packages/ab/e2/e9a00f0ccb71718418230718b3d900e71a5d16e701a3dae079a21e9cd8f8/text-unidecode-1.3.tar.gz", hash = "sha256:bad6603bb14d279193107714b288be206cac565dfa49aa5b105294dd5c4aab93", size = 76885, upload-time = "2019-08-30T21:36:45.405Z" }
wheels = [
    { url = "https://files.pythonhosted.org/packages/a6/a5/c0b6468d3824fe3fde30dbb5e1f687b291608f9473681bbf7dabbf5a87d7/text_unidecode-1.3-py2.py3-none-any.whl", hash = "sha256:1311f10e8b895935241623731c2ba64f4c455287888b18189350b67134a822e8", size = 78154, upload-time = "2019-08-30T21:37:03.543Z" },
]

[[package]]
name = "tqdm"
version = "4.67.3"
source = { registry = "https://pypi.org/simple" }
dependencies = [
    { name = "colorama", marker = "sys_platform == 'win32'" },
]
sdist = { url = "https://files.pythonhosted.org/packages/09/a9/6ba95a270c6f1fbcd8dac228323f2777d886cb206987444e4bce66338dd4/tqdm-4.67.3.tar.gz", hash = "sha256:7d825f03f89244ef73f1d4ce193cb1774a8179fd96f31d7e1dcde62092b960bb", size = 169598, upload-time = "2026-02-03T17:35:53.048Z" }
wheels = [
    { url = "https://files.pythonhosted.org/packages/16/e1/3079a9ff9b8e11b846c6ac5c8b5bfb7ff225eee721825310c91b3b50304f/tqdm-4.67.3-py3-none-any.whl", hash = "sha256:ee1e4c0e59148062281c49d80b25b67771a127c85fc9676d3be5f243206826bf", size = 78374, upload-time = "2026-02-03T17:35:50.982Z" },
]

[[package]]
name = "typing-extensions"
version = "4.15.0"
source = { registry = "https://pypi.org/simple" }
sdist = { url = "https://files.pythonhosted.org/packages/72/94/1a15dd82efb362ac84269196e94cf00f187f7ed21c242792a923cdb1c61f/typing_extensions-4.15.0.tar.gz", hash = "sha256:0cea48d173cc12fa28ecabc3b837ea3cf6f38c6d1136f85cbaaf598984861466", size = 109391, upload-time = "2025-08-25T13:49:26.313Z" }
wheels = [
    { url = "https://files.pythonhosted.org/packages/18/67/36e9267722cc04a6b9f15c7f3441c2363321a3ea07da7ae0c0707beb2a9c/typing_extensions-4.15.0-py3-none-any.whl", hash = "sha256:f0fa19c6845758ab08074a0cfa8b7aecb71c999ca73d62883bc25cc018c4e548", size = 44614, upload-time = "2025-08-25T13:49:24.86Z" },
]

[[package]]
name = "urllib3"
version = "2.6.3"
source = { registry = "https://pypi.org/simple" }
sdist = { url = "https://files.pythonhosted.org/packages/c7/24/5f1b3bdffd70275f6661c76461e25f024d5a38a46f04aaca912426a2b1d3/urllib3-2.6.3.tar.gz", hash = "sha256:1b62b6884944a57dbe321509ab94fd4d3b307075e0c2eae991ac71ee15ad38ed", size = 435556, upload-time = "2026-01-07T16:24:43.925Z" }
wheels = [
    { url = "https://files.pythonhosted.org/packages/39/08/aaaad47bc4e9dc8c725e68f9d04865dbcb2052843ff09c97b08904852d84/urllib3-2.6.3-py3-none-any.whl", hash = "sha256:bf272323e553dfb2e87d9bfd225ca7b0f467b919d7bbd355436d3fd37cb0acd4", size = 131584, upload-time = "2026-01-07T16:24:42.685Z" },
]

[[package]]
name = "wrapt"
version = "2.1.2"
source = { registry = "https://pypi.org/simple" }
sdist = { url = "https://files.pythonhosted.org/packages/2e/64/925f213fdcbb9baeb1530449ac71a4d57fc361c053d06bf78d0c5c7cd80c/wrapt-2.1.2.tar.gz", hash = "sha256:3996a67eecc2c68fd47b4e3c564405a5777367adfd9b8abb58387b63ee83b21e", size = 81678, upload-time = "2026-03-06T02:53:25.134Z" }
wheels = [
    { url = "https://files.pythonhosted.org/packages/c7/81/60c4471fce95afa5922ca09b88a25f03c93343f759aae0f31fb4412a85c7/wrapt-2.1.2-cp311-cp311-macosx_10_9_x86_64.whl", hash = "sha256:96159a0ee2b0277d44201c3b5be479a9979cf154e8c82fa5df49586a8e7679bb", size = 60666, upload-time = "2026-03-06T02:52:58.934Z" },
    { url = "https://files.pythonhosted.org/packages/6b/be/80e80e39e7cb90b006a0eaf11c73ac3a62bbfb3068469aec15cc0bc795de/wrapt-2.1.2-cp311-cp311-macosx_11_0_arm64.whl", hash = "sha256:98ba61833a77b747901e9012072f038795de7fc77849f1faa965464f3f87ff2d", size = 61601, upload-time = "2026-03-06T02:53:00.487Z" },
    { url = "https://files.pythonhosted.org/packages/b0/be/d7c88cd9293c859fc74b232abdc65a229bb953997995d6912fc85af18323/wrapt-2.1.2-cp311-cp311-manylinux1_x86_64.manylinux_2_28_x86_64.manylinux_2_5_x86_64.whl", hash = "sha256:767c0dbbe76cae2a60dd2b235ac0c87c9cccf4898aef8062e57bead46b5f6894", size = 114057, upload-time = "2026-03-06T02:52:44.08Z" },
    { url = "https://files.pythonhosted.org/packages/ea/25/36c04602831a4d685d45a93b3abea61eca7fe35dab6c842d6f5d570ef94a/wrapt-2.1.2-cp311-cp311-manylinux2014_aarch64.manylinux_2_17_aarch64.manylinux_2_28_aarch64.whl", hash = "sha256:9c691a6bc752c0cc4711cc0c00896fcd0f116abc253609ef64ef930032821842", size = 116099, upload-time = "2026-03-06T02:54:56.74Z" },
    { url = "https://files.pythonhosted.org/packages/5c/4e/98a6eb417ef551dc277bec1253d5246b25003cf36fdf3913b65cb7657a56/wrapt-2.1.2-cp311-cp311-manylinux_2_31_riscv64.manylinux_2_39_riscv64.whl", hash = "sha256:f3b7d73012ea75aee5844de58c88f44cf62d0d62711e39da5a82824a7c4626a8", size = 112457, upload-time = "2026-03-06T02:53:52.842Z" },
    { url = "https://files.pythonhosted.org/packages/cb/a6/a6f7186a5297cad8ec53fd7578533b28f795fdf5372368c74bd7e6e9841c/wrapt-2.1.2-cp311-cp311-musllinux_1_2_aarch64.whl", hash = "sha256:577dff354e7acd9d411eaf4bfe76b724c89c89c8fc9b7e127ee28c5f7bcb25b6", size = 115351, upload-time = "2026-03-06T02:53:32.684Z" },
    { url = "https://files.pythonhosted.org/packages/97/6f/06e66189e721dbebd5cf20e138acc4d1150288ce118462f2fcbff92d38db/wrapt-2.1.2-cp311-cp311-musllinux_1_2_riscv64.whl", hash = "sha256:3d7b6fd105f8b24e5bd23ccf41cb1d1099796524bcc6f7fbb8fe576c44befbc9", size = 111748, upload-time = "2026-03-06T02:53:08.455Z" },
    { url = "https://files.pythonhosted.org/packages/ef/43/4808b86f499a51370fbdbdfa6cb91e9b9169e762716456471b619fca7a70/wrapt-2.1.2-cp311-cp311-musllinux_1_2_x86_64.whl", hash = "sha256:866abdbf4612e0b34764922ef8b1c5668867610a718d3053d59e24a5e5fcfc15", size = 113783, upload-time = "2026-03-06T02:53:02.02Z" },
    { url = "https://files.pythonhosted.org/packages/91/2c/a3f28b8fa7ac2cefa01cfcaca3471f9b0460608d012b693998cd61ef43df/wrapt-2.1.2-cp311-cp311-win32.whl", hash = "sha256:5a0a0a3a882393095573344075189eb2d566e0fd205a2b6414e9997b1b800a8b", size = 57977, upload-time = "2026-03-06T02:53:27.844Z" },
    { url = "https://files.pythonhosted.org/packages/3f/c3/2b1c7bd07a27b1db885a2fab469b707bdd35bddf30a113b4917a7e2139d2/wrapt-2.1.2-cp311-cp311-win_amd64.whl", hash = "sha256:64a07a71d2730ba56f11d1a4b91f7817dc79bc134c11516b75d1921a7c6fcda1", size = 60336, upload-time = "2026-03-06T02:54:28.104Z" },
    { url = "https://files.pythonhosted.org/packages/ec/5c/76ece7b401b088daa6503d6264dd80f9a727df3e6042802de9a223084ea2/wrapt-2.1.2-cp311-cp311-win_arm64.whl", hash = "sha256:b89f095fe98bc12107f82a9f7d570dc83a0870291aeb6b1d7a7d35575f55d98a", size = 58756, upload-time = "2026-03-06T02:53:16.319Z" },
    { url = "https://files.pythonhosted.org/packages/1a/c7/8528ac2dfa2c1e6708f647df7ae144ead13f0a31146f43c7264b4942bf12/wrapt-2.1.2-py3-none-any.whl", hash = "sha256:b8fd6fa2b2c4e7621808f8c62e8317f4aae56e59721ad933bac5239d913cf0e8", size = 43993, upload-time = "2026-03-06T02:53:12.905Z" },
]
